// !$*UTF8*$!
{
	archiveVersion = 1;
	classes = {
	};
	objectVersion = 55;
	objects = {

/* Begin PBXBuildFile section */
		B9D64D0B2862D43E00B21359 /* AppDelegate.swift in Sources */ = {isa = PBXBuildFile; fileRef = B9D64D0A2862D43E00B21359 /* AppDelegate.swift */; };
		B9D64D0D2862D43E00B21359 /* SceneDelegate.swift in Sources */ = {isa = PBXBuildFile; fileRef = B9D64D0C2862D43E00B21359 /* SceneDelegate.swift */; };
		B9D64D142862D44000B21359 /* Assets.xcassets in Resources */ = {isa = PBXBuildFile; fileRef = B9D64D132862D44000B21359 /* Assets.xcassets */; };
		B9D64D172862D44000B21359 /* LaunchScreen.storyboard in Resources */ = {isa = PBXBuildFile; fileRef = B9D64D152862D44000B21359 /* LaunchScreen.storyboard */; };
		B9D64D1F2863535900B21359 /* SearchViewController.swift in Sources */ = {isa = PBXBuildFile; fileRef = B9D64D1E2863535900B21359 /* SearchViewController.swift */; };
		B9D64D212863539D00B21359 /* FavoritesListViewController.swift in Sources */ = {isa = PBXBuildFile; fileRef = B9D64D202863539D00B21359 /* FavoritesListViewController.swift */; };
		B9D64D2428635AAB00B21359 /* GFButton.swift in Sources */ = {isa = PBXBuildFile; fileRef = B9D64D2328635AAB00B21359 /* GFButton.swift */; };
		B9D64D2728635ED900B21359 /* GFTextField.swift in Sources */ = {isa = PBXBuildFile; fileRef = B9D64D2628635ED900B21359 /* GFTextField.swift */; };
		B9D64D2928656E3000B21359 /* FollowerListViewController.swift in Sources */ = {isa = PBXBuildFile; fileRef = B9D64D2828656E3000B21359 /* FollowerListViewController.swift */; };
		B9D64D2B2865FAD300B21359 /* GFTitleLabel.swift in Sources */ = {isa = PBXBuildFile; fileRef = B9D64D2A2865FAD300B21359 /* GFTitleLabel.swift */; };
		B9D64D2D2865FCBE00B21359 /* GFBodyLabel.swift in Sources */ = {isa = PBXBuildFile; fileRef = B9D64D2C2865FCBE00B21359 /* GFBodyLabel.swift */; };
		B9D64D2F2865FD8400B21359 /* GFAlertViewController.swift in Sources */ = {isa = PBXBuildFile; fileRef = B9D64D2E2865FD8400B21359 /* GFAlertViewController.swift */; };
		B9D64D31286603DA00B21359 /* UIViewController+Ext.swift in Sources */ = {isa = PBXBuildFile; fileRef = B9D64D30286603DA00B21359 /* UIViewController+Ext.swift */; };
		B9D64D382866CB1800B21359 /* Follower.swift in Sources */ = {isa = PBXBuildFile; fileRef = B9D64D372866CB1800B21359 /* Follower.swift */; };
		B9D64D3A2866CC0100B21359 /* User.swift in Sources */ = {isa = PBXBuildFile; fileRef = B9D64D392866CC0100B21359 /* User.swift */; };
		B9D64D3D2868016A00B21359 /* NetworkManager.swift in Sources */ = {isa = PBXBuildFile; fileRef = B9D64D3C2868016A00B21359 /* NetworkManager.swift */; };
		B9D64D43286818B600B21359 /* FollowerCell.swift in Sources */ = {isa = PBXBuildFile; fileRef = B9D64D42286818B600B21359 /* FollowerCell.swift */; };
		B9D64D452868199200B21359 /* GFAvatarImageView.swift in Sources */ = {isa = PBXBuildFile; fileRef = B9D64D442868199200B21359 /* GFAvatarImageView.swift */; };
		B9D64D472869105600B21359 /* UIHelper.swift in Sources */ = {isa = PBXBuildFile; fileRef = B9D64D462869105600B21359 /* UIHelper.swift */; };
		B9D64D4F2869632300B21359 /* GFEmptyStateView.swift in Sources */ = {isa = PBXBuildFile; fileRef = B9D64D4E2869632300B21359 /* GFEmptyStateView.swift */; };
		B9D64D512869F31B00B21359 /* UserInfoViewController.swift in Sources */ = {isa = PBXBuildFile; fileRef = B9D64D502869F31B00B21359 /* UserInfoViewController.swift */; };
		B9D64D532869FC4500B21359 /* GFError.swift in Sources */ = {isa = PBXBuildFile; fileRef = B9D64D522869FC4500B21359 /* GFError.swift */; };
		B9D64D55286A9B4B00B21359 /* GFUserInfoHeaderViewController.swift in Sources */ = {isa = PBXBuildFile; fileRef = B9D64D54286A9B4B00B21359 /* GFUserInfoHeaderViewController.swift */; };
		B9D64D57286A9C4000B21359 /* GFSecondaryTitleLabel.swift in Sources */ = {isa = PBXBuildFile; fileRef = B9D64D56286A9C4000B21359 /* GFSecondaryTitleLabel.swift */; };
		B9D64D59286AAD3200B21359 /* Constants.swift in Sources */ = {isa = PBXBuildFile; fileRef = B9D64D58286AAD3200B21359 /* Constants.swift */; };
		B9D64D5B286BA1ED00B21359 /* GFItemInfoView.swift in Sources */ = {isa = PBXBuildFile; fileRef = B9D64D5A286BA1ED00B21359 /* GFItemInfoView.swift */; };
		B9D64D5D286BA6C100B21359 /* GFItemInfoViewController.swift in Sources */ = {isa = PBXBuildFile; fileRef = B9D64D5C286BA6C100B21359 /* GFItemInfoViewController.swift */; };
		B9D64D5F286BAA8100B21359 /* GFRepoItemViewController.swift in Sources */ = {isa = PBXBuildFile; fileRef = B9D64D5E286BAA8100B21359 /* GFRepoItemViewController.swift */; };
		B9D64D61286BAD9B00B21359 /* GFFollowerItemViewController.swift in Sources */ = {isa = PBXBuildFile; fileRef = B9D64D60286BAD9B00B21359 /* GFFollowerItemViewController.swift */; };
		B9D64D64286BB4B300B21359 /* Date+Ext.swift in Sources */ = {isa = PBXBuildFile; fileRef = B9D64D63286BB4B300B21359 /* Date+Ext.swift */; };
		B9D64D66286BB4D300B21359 /* String+Ext.swift in Sources */ = {isa = PBXBuildFile; fileRef = B9D64D65286BB4D300B21359 /* String+Ext.swift */; };
/* End PBXBuildFile section */

/* Begin PBXFileReference section */
		B9D64D072862D43E00B21359 /* GHFollowers.app */ = {isa = PBXFileReference; explicitFileType = wrapper.application; includeInIndex = 0; path = GHFollowers.app; sourceTree = BUILT_PRODUCTS_DIR; };
		B9D64D0A2862D43E00B21359 /* AppDelegate.swift */ = {isa = PBXFileReference; lastKnownFileType = sourcecode.swift; path = AppDelegate.swift; sourceTree = "<group>"; };
		B9D64D0C2862D43E00B21359 /* SceneDelegate.swift */ = {isa = PBXFileReference; lastKnownFileType = sourcecode.swift; path = SceneDelegate.swift; sourceTree = "<group>"; };
		B9D64D132862D44000B21359 /* Assets.xcassets */ = {isa = PBXFileReference; lastKnownFileType = folder.assetcatalog; path = Assets.xcassets; sourceTree = "<group>"; };
		B9D64D162862D44000B21359 /* Base */ = {isa = PBXFileReference; lastKnownFileType = file.storyboard; name = Base; path = Base.lproj/LaunchScreen.storyboard; sourceTree = "<group>"; };
		B9D64D182862D44000B21359 /* Info.plist */ = {isa = PBXFileReference; lastKnownFileType = text.plist.xml; path = Info.plist; sourceTree = "<group>"; };
		B9D64D1E2863535900B21359 /* SearchViewController.swift */ = {isa = PBXFileReference; lastKnownFileType = sourcecode.swift; path = SearchViewController.swift; sourceTree = "<group>"; };
		B9D64D202863539D00B21359 /* FavoritesListViewController.swift */ = {isa = PBXFileReference; lastKnownFileType = sourcecode.swift; path = FavoritesListViewController.swift; sourceTree = "<group>"; };
		B9D64D2328635AAB00B21359 /* GFButton.swift */ = {isa = PBXFileReference; lastKnownFileType = sourcecode.swift; path = GFButton.swift; sourceTree = "<group>"; };
		B9D64D2628635ED900B21359 /* GFTextField.swift */ = {isa = PBXFileReference; lastKnownFileType = sourcecode.swift; path = GFTextField.swift; sourceTree = "<group>"; };
		B9D64D2828656E3000B21359 /* FollowerListViewController.swift */ = {isa = PBXFileReference; lastKnownFileType = sourcecode.swift; path = FollowerListViewController.swift; sourceTree = "<group>"; };
		B9D64D2A2865FAD300B21359 /* GFTitleLabel.swift */ = {isa = PBXFileReference; lastKnownFileType = sourcecode.swift; path = GFTitleLabel.swift; sourceTree = "<group>"; };
		B9D64D2C2865FCBE00B21359 /* GFBodyLabel.swift */ = {isa = PBXFileReference; lastKnownFileType = sourcecode.swift; path = GFBodyLabel.swift; sourceTree = "<group>"; };
		B9D64D2E2865FD8400B21359 /* GFAlertViewController.swift */ = {isa = PBXFileReference; lastKnownFileType = sourcecode.swift; path = GFAlertViewController.swift; sourceTree = "<group>"; };
		B9D64D30286603DA00B21359 /* UIViewController+Ext.swift */ = {isa = PBXFileReference; lastKnownFileType = sourcecode.swift; path = "UIViewController+Ext.swift"; sourceTree = "<group>"; };
		B9D64D372866CB1800B21359 /* Follower.swift */ = {isa = PBXFileReference; lastKnownFileType = sourcecode.swift; path = Follower.swift; sourceTree = "<group>"; };
		B9D64D392866CC0100B21359 /* User.swift */ = {isa = PBXFileReference; lastKnownFileType = sourcecode.swift; path = User.swift; sourceTree = "<group>"; };
		B9D64D3C2868016A00B21359 /* NetworkManager.swift */ = {isa = PBXFileReference; lastKnownFileType = sourcecode.swift; path = NetworkManager.swift; sourceTree = "<group>"; };
		B9D64D42286818B600B21359 /* FollowerCell.swift */ = {isa = PBXFileReference; lastKnownFileType = sourcecode.swift; path = FollowerCell.swift; sourceTree = "<group>"; };
		B9D64D442868199200B21359 /* GFAvatarImageView.swift */ = {isa = PBXFileReference; lastKnownFileType = sourcecode.swift; path = GFAvatarImageView.swift; sourceTree = "<group>"; };
		B9D64D462869105600B21359 /* UIHelper.swift */ = {isa = PBXFileReference; lastKnownFileType = sourcecode.swift; path = UIHelper.swift; sourceTree = "<group>"; };
		B9D64D4E2869632300B21359 /* GFEmptyStateView.swift */ = {isa = PBXFileReference; lastKnownFileType = sourcecode.swift; path = GFEmptyStateView.swift; sourceTree = "<group>"; };
		B9D64D502869F31B00B21359 /* UserInfoViewController.swift */ = {isa = PBXFileReference; lastKnownFileType = sourcecode.swift; path = UserInfoViewController.swift; sourceTree = "<group>"; };
		B9D64D522869FC4500B21359 /* GFError.swift */ = {isa = PBXFileReference; lastKnownFileType = sourcecode.swift; path = GFError.swift; sourceTree = "<group>"; };
		B9D64D54286A9B4B00B21359 /* GFUserInfoHeaderViewController.swift */ = {isa = PBXFileReference; lastKnownFileType = sourcecode.swift; path = GFUserInfoHeaderViewController.swift; sourceTree = "<group>"; };
		B9D64D56286A9C4000B21359 /* GFSecondaryTitleLabel.swift */ = {isa = PBXFileReference; lastKnownFileType = sourcecode.swift; path = GFSecondaryTitleLabel.swift; sourceTree = "<group>"; };
		B9D64D58286AAD3200B21359 /* Constants.swift */ = {isa = PBXFileReference; lastKnownFileType = sourcecode.swift; path = Constants.swift; sourceTree = "<group>"; };
		B9D64D5A286BA1ED00B21359 /* GFItemInfoView.swift */ = {isa = PBXFileReference; lastKnownFileType = sourcecode.swift; path = GFItemInfoView.swift; sourceTree = "<group>"; };
		B9D64D5C286BA6C100B21359 /* GFItemInfoViewController.swift */ = {isa = PBXFileReference; lastKnownFileType = sourcecode.swift; path = GFItemInfoViewController.swift; sourceTree = "<group>"; };
		B9D64D5E286BAA8100B21359 /* GFRepoItemViewController.swift */ = {isa = PBXFileReference; lastKnownFileType = sourcecode.swift; path = GFRepoItemViewController.swift; sourceTree = "<group>"; };
		B9D64D60286BAD9B00B21359 /* GFFollowerItemViewController.swift */ = {isa = PBXFileReference; lastKnownFileType = sourcecode.swift; path = GFFollowerItemViewController.swift; sourceTree = "<group>"; };
		B9D64D63286BB4B300B21359 /* Date+Ext.swift */ = {isa = PBXFileReference; lastKnownFileType = sourcecode.swift; path = "Date+Ext.swift"; sourceTree = "<group>"; };
		B9D64D65286BB4D300B21359 /* String+Ext.swift */ = {isa = PBXFileReference; lastKnownFileType = sourcecode.swift; path = "String+Ext.swift"; sourceTree = "<group>"; };
/* End PBXFileReference section */

/* Begin PBXFrameworksBuildPhase section */
		B9D64D042862D43E00B21359 /* Frameworks */ = {
			isa = PBXFrameworksBuildPhase;
			buildActionMask = 2147483647;
			files = (
			);
			runOnlyForDeploymentPostprocessing = 0;
		};
/* End PBXFrameworksBuildPhase section */

/* Begin PBXGroup section */
		B9D64CFE2862D43E00B21359 = {
			isa = PBXGroup;
			children = (
				B9D64D092862D43E00B21359 /* GHFollowers */,
				B9D64D082862D43E00B21359 /* Products */,
			);
			sourceTree = "<group>";
		};
		B9D64D082862D43E00B21359 /* Products */ = {
			isa = PBXGroup;
			children = (
				B9D64D072862D43E00B21359 /* GHFollowers.app */,
			);
			name = Products;
			sourceTree = "<group>";
		};
		B9D64D092862D43E00B21359 /* GHFollowers */ = {
			isa = PBXGroup;
			children = (
				B9D64D182862D44000B21359 /* Info.plist */,
				B9D64D2528635AAF00B21359 /* Components */,
				B9D64D322866053800B21359 /* Extensions */,
				B9D64D3B2868014700B21359 /* Managers */,
				B9D64D362866CAF100B21359 /* Models */,
				B9D64D352866108400B21359 /* Screens */,
				B9D64D34286607D400B21359 /* Support */,
				B9D64D3E28680C1800B21359 /* Utilities */,
			);
			path = GHFollowers;
			sourceTree = "<group>";
		};
		B9D64D2528635AAF00B21359 /* Components */ = {
			isa = PBXGroup;
			children = (
				B9D64D49286961E800B21359 /* Buttons */,
				B9D64D412868187100B21359 /* Cells */,
				B9D64D4B2869621200B21359 /* ImageViews */,
				B9D64D4D2869623D00B21359 /* Labels */,
				B9D64D4A286961F100B21359 /* TextFields */,
				B9D64D4C2869622000B21359 /* ViewControllers */,
				B9D64D48286961E200B21359 /* Views */,
			);
			path = Components;
			sourceTree = "<group>";
		};
		B9D64D322866053800B21359 /* Extensions */ = {
			isa = PBXGroup;
			children = (
				B9D64D63286BB4B300B21359 /* Date+Ext.swift */,
				B9D64D65286BB4D300B21359 /* String+Ext.swift */,
				B9D64D30286603DA00B21359 /* UIViewController+Ext.swift */,
			);
			path = Extensions;
			sourceTree = "<group>";
		};
		B9D64D34286607D400B21359 /* Support */ = {
			isa = PBXGroup;
			children = (
				B9D64D0A2862D43E00B21359 /* AppDelegate.swift */,
				B9D64D0C2862D43E00B21359 /* SceneDelegate.swift */,
				B9D64D132862D44000B21359 /* Assets.xcassets */,
				B9D64D152862D44000B21359 /* LaunchScreen.storyboard */,
			);
			path = Support;
			sourceTree = "<group>";
		};
		B9D64D352866108400B21359 /* Screens */ = {
			isa = PBXGroup;
			children = (
				B9D64D202863539D00B21359 /* FavoritesListViewController.swift */,
				B9D64D2828656E3000B21359 /* FollowerListViewController.swift */,
				B9D64D1E2863535900B21359 /* SearchViewController.swift */,
				B9D64D502869F31B00B21359 /* UserInfoViewController.swift */,
			);
			path = Screens;
			sourceTree = "<group>";
		};
		B9D64D362866CAF100B21359 /* Models */ = {
			isa = PBXGroup;
			children = (
				B9D64D372866CB1800B21359 /* Follower.swift */,
				B9D64D392866CC0100B21359 /* User.swift */,
			);
			path = Models;
			sourceTree = "<group>";
		};
		B9D64D3B2868014700B21359 /* Managers */ = {
			isa = PBXGroup;
			children = (
				B9D64D3C2868016A00B21359 /* NetworkManager.swift */,
			);
			path = Managers;
			sourceTree = "<group>";
		};
		B9D64D3E28680C1800B21359 /* Utilities */ = {
			isa = PBXGroup;
			children = (
				B9D64D58286AAD3200B21359 /* Constants.swift */,
				B9D64D522869FC4500B21359 /* GFError.swift */,
				B9D64D462869105600B21359 /* UIHelper.swift */,
			);
			path = Utilities;
			sourceTree = "<group>";
		};
		B9D64D412868187100B21359 /* Cells */ = {
			isa = PBXGroup;
			children = (
				B9D64D42286818B600B21359 /* FollowerCell.swift */,
			);
			path = Cells;
			sourceTree = "<group>";
		};
		B9D64D48286961E200B21359 /* Views */ = {
			isa = PBXGroup;
			children = (
				B9D64D4E2869632300B21359 /* GFEmptyStateView.swift */,
				B9D64D5A286BA1ED00B21359 /* GFItemInfoView.swift */,
			);
			path = Views;
			sourceTree = "<group>";
		};
		B9D64D49286961E800B21359 /* Buttons */ = {
			isa = PBXGroup;
			children = (
				B9D64D2328635AAB00B21359 /* GFButton.swift */,
			);
			path = Buttons;
			sourceTree = "<group>";
		};
		B9D64D4A286961F100B21359 /* TextFields */ = {
			isa = PBXGroup;
			children = (
				B9D64D2628635ED900B21359 /* GFTextField.swift */,
			);
			path = TextFields;
			sourceTree = "<group>";
		};
		B9D64D4B2869621200B21359 /* ImageViews */ = {
			isa = PBXGroup;
			children = (
				B9D64D442868199200B21359 /* GFAvatarImageView.swift */,
			);
			path = ImageViews;
			sourceTree = "<group>";
		};
		B9D64D4C2869622000B21359 /* ViewControllers */ = {
			isa = PBXGroup;
			children = (
				B9D64D2E2865FD8400B21359 /* GFAlertViewController.swift */,
				B9D64D54286A9B4B00B21359 /* GFUserInfoHeaderViewController.swift */,
				B9D64D62286BAE1D00B21359 /* ItemInfoViewControllers */,
			);
			path = ViewControllers;
			sourceTree = "<group>";
		};
		B9D64D4D2869623D00B21359 /* Labels */ = {
			isa = PBXGroup;
			children = (
				B9D64D2C2865FCBE00B21359 /* GFBodyLabel.swift */,
				B9D64D56286A9C4000B21359 /* GFSecondaryTitleLabel.swift */,
				B9D64D2A2865FAD300B21359 /* GFTitleLabel.swift */,
			);
			path = Labels;
			sourceTree = "<group>";
		};
		B9D64D62286BAE1D00B21359 /* ItemInfoViewControllers */ = {
			isa = PBXGroup;
			children = (
				B9D64D60286BAD9B00B21359 /* GFFollowerItemViewController.swift */,
				B9D64D5C286BA6C100B21359 /* GFItemInfoViewController.swift */,
				B9D64D5E286BAA8100B21359 /* GFRepoItemViewController.swift */,
			);
			path = ItemInfoViewControllers;
			sourceTree = "<group>";
		};
/* End PBXGroup section */

/* Begin PBXNativeTarget section */
		B9D64D062862D43E00B21359 /* GHFollowers */ = {
			isa = PBXNativeTarget;
			buildConfigurationList = B9D64D1B2862D44000B21359 /* Build configuration list for PBXNativeTarget "GHFollowers" */;
			buildPhases = (
				B9D64D032862D43E00B21359 /* Sources */,
				B9D64D042862D43E00B21359 /* Frameworks */,
				B9D64D052862D43E00B21359 /* Resources */,
			);
			buildRules = (
			);
			dependencies = (
			);
			name = GHFollowers;
			productName = GHFollowers;
			productReference = B9D64D072862D43E00B21359 /* GHFollowers.app */;
			productType = "com.apple.product-type.application";
		};
/* End PBXNativeTarget section */

/* Begin PBXProject section */
		B9D64CFF2862D43E00B21359 /* Project object */ = {
			isa = PBXProject;
			attributes = {
				BuildIndependentTargetsInParallel = 1;
				LastSwiftUpdateCheck = 1330;
				LastUpgradeCheck = 1330;
				TargetAttributes = {
					B9D64D062862D43E00B21359 = {
						CreatedOnToolsVersion = 13.3.1;
					};
				};
			};
			buildConfigurationList = B9D64D022862D43E00B21359 /* Build configuration list for PBXProject "GHFollowers" */;
			compatibilityVersion = "Xcode 13.0";
			developmentRegion = en;
			hasScannedForEncodings = 0;
			knownRegions = (
				en,
				Base,
			);
			mainGroup = B9D64CFE2862D43E00B21359;
			productRefGroup = B9D64D082862D43E00B21359 /* Products */;
			projectDirPath = "";
			projectRoot = "";
			targets = (
				B9D64D062862D43E00B21359 /* GHFollowers */,
			);
		};
/* End PBXProject section */

/* Begin PBXResourcesBuildPhase section */
		B9D64D052862D43E00B21359 /* Resources */ = {
			isa = PBXResourcesBuildPhase;
			buildActionMask = 2147483647;
			files = (
				B9D64D172862D44000B21359 /* LaunchScreen.storyboard in Resources */,
				B9D64D142862D44000B21359 /* Assets.xcassets in Resources */,
			);
			runOnlyForDeploymentPostprocessing = 0;
		};
/* End PBXResourcesBuildPhase section */

/* Begin PBXSourcesBuildPhase section */
		B9D64D032862D43E00B21359 /* Sources */ = {
			isa = PBXSourcesBuildPhase;
			buildActionMask = 2147483647;
			files = (
				B9D64D3A2866CC0100B21359 /* User.swift in Sources */,
				B9D64D2F2865FD8400B21359 /* GFAlertViewController.swift in Sources */,
				B9D64D2728635ED900B21359 /* GFTextField.swift in Sources */,
				B9D64D66286BB4D300B21359 /* String+Ext.swift in Sources */,
				B9D64D1F2863535900B21359 /* SearchViewController.swift in Sources */,
				B9D64D31286603DA00B21359 /* UIViewController+Ext.swift in Sources */,
				B9D64D472869105600B21359 /* UIHelper.swift in Sources */,
				B9D64D61286BAD9B00B21359 /* GFFollowerItemViewController.swift in Sources */,
				B9D64D5F286BAA8100B21359 /* GFRepoItemViewController.swift in Sources */,
				B9D64D59286AAD3200B21359 /* Constants.swift in Sources */,
				B9D64D452868199200B21359 /* GFAvatarImageView.swift in Sources */,
				B9D64D2428635AAB00B21359 /* GFButton.swift in Sources */,
				B9D64D55286A9B4B00B21359 /* GFUserInfoHeaderViewController.swift in Sources */,
				B9D64D5B286BA1ED00B21359 /* GFItemInfoView.swift in Sources */,
				B9D64D532869FC4500B21359 /* GFError.swift in Sources */,
				B9D64D2928656E3000B21359 /* FollowerListViewController.swift in Sources */,
				B9D64D43286818B600B21359 /* FollowerCell.swift in Sources */,
				B9D64D2D2865FCBE00B21359 /* GFBodyLabel.swift in Sources */,
				B9D64D382866CB1800B21359 /* Follower.swift in Sources */,
				B9D64D2B2865FAD300B21359 /* GFTitleLabel.swift in Sources */,
				B9D64D64286BB4B300B21359 /* Date+Ext.swift in Sources */,
				B9D64D57286A9C4000B21359 /* GFSecondaryTitleLabel.swift in Sources */,
				B9D64D4F2869632300B21359 /* GFEmptyStateView.swift in Sources */,
				B9D64D3D2868016A00B21359 /* NetworkManager.swift in Sources */,
				B9D64D0B2862D43E00B21359 /* AppDelegate.swift in Sources */,
				B9D64D5D286BA6C100B21359 /* GFItemInfoViewController.swift in Sources */,
				B9D64D512869F31B00B21359 /* UserInfoViewController.swift in Sources */,
				B9D64D212863539D00B21359 /* FavoritesListViewController.swift in Sources */,
				B9D64D0D2862D43E00B21359 /* SceneDelegate.swift in Sources */,
			);
			runOnlyForDeploymentPostprocessing = 0;
		};
/* End PBXSourcesBuildPhase section */

/* Begin PBXVariantGroup section */
		B9D64D152862D44000B21359 /* LaunchScreen.storyboard */ = {
			isa = PBXVariantGroup;
			children = (
				B9D64D162862D44000B21359 /* Base */,
			);
			name = LaunchScreen.storyboard;
			sourceTree = "<group>";
		};
/* End PBXVariantGroup section */

/* Begin XCBuildConfiguration section */
		B9D64D192862D44000B21359 /* Debug */ = {
			isa = XCBuildConfiguration;
			buildSettings = {
				ALWAYS_SEARCH_USER_PATHS = NO;
				CLANG_ANALYZER_NONNULL = YES;
				CLANG_ANALYZER_NUMBER_OBJECT_CONVERSION = YES_AGGRESSIVE;
				CLANG_CXX_LANGUAGE_STANDARD = "gnu++17";
				CLANG_ENABLE_MODULES = YES;
				CLANG_ENABLE_OBJC_ARC = YES;
				CLANG_ENABLE_OBJC_WEAK = YES;
				CLANG_WARN_BLOCK_CAPTURE_AUTORELEASING = YES;
				CLANG_WARN_BOOL_CONVERSION = YES;
				CLANG_WARN_COMMA = YES;
				CLANG_WARN_CONSTANT_CONVERSION = YES;
				CLANG_WARN_DEPRECATED_OBJC_IMPLEMENTATIONS = YES;
				CLANG_WARN_DIRECT_OBJC_ISA_USAGE = YES_ERROR;
				CLANG_WARN_DOCUMENTATION_COMMENTS = YES;
				CLANG_WARN_EMPTY_BODY = YES;
				CLANG_WARN_ENUM_CONVERSION = YES;
				CLANG_WARN_INFINITE_RECURSION = YES;
				CLANG_WARN_INT_CONVERSION = YES;
				CLANG_WARN_NON_LITERAL_NULL_CONVERSION = YES;
				CLANG_WARN_OBJC_IMPLICIT_RETAIN_SELF = YES;
				CLANG_WARN_OBJC_LITERAL_CONVERSION = YES;
				CLANG_WARN_OBJC_ROOT_CLASS = YES_ERROR;
				CLANG_WARN_QUOTED_INCLUDE_IN_FRAMEWORK_HEADER = YES;
				CLANG_WARN_RANGE_LOOP_ANALYSIS = YES;
				CLANG_WARN_STRICT_PROTOTYPES = YES;
				CLANG_WARN_SUSPICIOUS_MOVE = YES;
				CLANG_WARN_UNGUARDED_AVAILABILITY = YES_AGGRESSIVE;
				CLANG_WARN_UNREACHABLE_CODE = YES;
				CLANG_WARN__DUPLICATE_METHOD_MATCH = YES;
				COPY_PHASE_STRIP = NO;
				DEBUG_INFORMATION_FORMAT = dwarf;
				ENABLE_STRICT_OBJC_MSGSEND = YES;
				ENABLE_TESTABILITY = YES;
				GCC_C_LANGUAGE_STANDARD = gnu11;
				GCC_DYNAMIC_NO_PIC = NO;
				GCC_NO_COMMON_BLOCKS = YES;
				GCC_OPTIMIZATION_LEVEL = 0;
				GCC_PREPROCESSOR_DEFINITIONS = (
					"DEBUG=1",
					"$(inherited)",
				);
				GCC_WARN_64_TO_32_BIT_CONVERSION = YES;
				GCC_WARN_ABOUT_RETURN_TYPE = YES_ERROR;
				GCC_WARN_UNDECLARED_SELECTOR = YES;
				GCC_WARN_UNINITIALIZED_AUTOS = YES_AGGRESSIVE;
				GCC_WARN_UNUSED_FUNCTION = YES;
				GCC_WARN_UNUSED_VARIABLE = YES;
				IPHONEOS_DEPLOYMENT_TARGET = 15.0;
				MTL_ENABLE_DEBUG_INFO = INCLUDE_SOURCE;
				MTL_FAST_MATH = YES;
				ONLY_ACTIVE_ARCH = YES;
				SDKROOT = iphoneos;
				SWIFT_ACTIVE_COMPILATION_CONDITIONS = DEBUG;
				SWIFT_OPTIMIZATION_LEVEL = "-Onone";
			};
			name = Debug;
		};
		B9D64D1A2862D44000B21359 /* Release */ = {
			isa = XCBuildConfiguration;
			buildSettings = {
				ALWAYS_SEARCH_USER_PATHS = NO;
				CLANG_ANALYZER_NONNULL = YES;
				CLANG_ANALYZER_NUMBER_OBJECT_CONVERSION = YES_AGGRESSIVE;
				CLANG_CXX_LANGUAGE_STANDARD = "gnu++17";
				CLANG_ENABLE_MODULES = YES;
				CLANG_ENABLE_OBJC_ARC = YES;
				CLANG_ENABLE_OBJC_WEAK = YES;
				CLANG_WARN_BLOCK_CAPTURE_AUTORELEASING = YES;
				CLANG_WARN_BOOL_CONVERSION = YES;
				CLANG_WARN_COMMA = YES;
				CLANG_WARN_CONSTANT_CONVERSION = YES;
				CLANG_WARN_DEPRECATED_OBJC_IMPLEMENTATIONS = YES;
				CLANG_WARN_DIRECT_OBJC_ISA_USAGE = YES_ERROR;
				CLANG_WARN_DOCUMENTATION_COMMENTS = YES;
				CLANG_WARN_EMPTY_BODY = YES;
				CLANG_WARN_ENUM_CONVERSION = YES;
				CLANG_WARN_INFINITE_RECURSION = YES;
				CLANG_WARN_INT_CONVERSION = YES;
				CLANG_WARN_NON_LITERAL_NULL_CONVERSION = YES;
				CLANG_WARN_OBJC_IMPLICIT_RETAIN_SELF = YES;
				CLANG_WARN_OBJC_LITERAL_CONVERSION = YES;
				CLANG_WARN_OBJC_ROOT_CLASS = YES_ERROR;
				CLANG_WARN_QUOTED_INCLUDE_IN_FRAMEWORK_HEADER = YES;
				CLANG_WARN_RANGE_LOOP_ANALYSIS = YES;
				CLANG_WARN_STRICT_PROTOTYPES = YES;
				CLANG_WARN_SUSPICIOUS_MOVE = YES;
				CLANG_WARN_UNGUARDED_AVAILABILITY = YES_AGGRESSIVE;
				CLANG_WARN_UNREACHABLE_CODE = YES;
				CLANG_WARN__DUPLICATE_METHOD_MATCH = YES;
				COPY_PHASE_STRIP = NO;
				DEBUG_INFORMATION_FORMAT = "dwarf-with-dsym";
				ENABLE_NS_ASSERTIONS = NO;
				ENABLE_STRICT_OBJC_MSGSEND = YES;
				GCC_C_LANGUAGE_STANDARD = gnu11;
				GCC_NO_COMMON_BLOCKS = YES;
				GCC_WARN_64_TO_32_BIT_CONVERSION = YES;
				GCC_WARN_ABOUT_RETURN_TYPE = YES_ERROR;
				GCC_WARN_UNDECLARED_SELECTOR = YES;
				GCC_WARN_UNINITIALIZED_AUTOS = YES_AGGRESSIVE;
				GCC_WARN_UNUSED_FUNCTION = YES;
				GCC_WARN_UNUSED_VARIABLE = YES;
				IPHONEOS_DEPLOYMENT_TARGET = 15.0;
				MTL_ENABLE_DEBUG_INFO = NO;
				MTL_FAST_MATH = YES;
				SDKROOT = iphoneos;
				SWIFT_COMPILATION_MODE = wholemodule;
				SWIFT_OPTIMIZATION_LEVEL = "-O";
				VALIDATE_PRODUCT = YES;
			};
			name = Release;
		};
		B9D64D1C2862D44000B21359 /* Debug */ = {
			isa = XCBuildConfiguration;
			buildSettings = {
				ASSETCATALOG_COMPILER_APPICON_NAME = AppIcon;
				ASSETCATALOG_COMPILER_GLOBAL_ACCENT_COLOR_NAME = AccentColor;
				CODE_SIGN_STYLE = Automatic;
				CURRENT_PROJECT_VERSION = 1;
				DEVELOPMENT_TEAM = 2ABK4QQ3NL;
				GENERATE_INFOPLIST_FILE = YES;
				INFOPLIST_FILE = GHFollowers/Info.plist;
				INFOPLIST_KEY_UIApplicationSupportsIndirectInputEvents = YES;
				INFOPLIST_KEY_UILaunchStoryboardName = LaunchScreen;
				INFOPLIST_KEY_UISupportedInterfaceOrientations = UIInterfaceOrientationPortrait;
				INFOPLIST_KEY_UISupportedInterfaceOrientations_iPad = "UIInterfaceOrientationPortrait UIInterfaceOrientationPortraitUpsideDown UIInterfaceOrientationLandscapeLeft UIInterfaceOrientationLandscapeRight";
				INFOPLIST_KEY_UISupportedInterfaceOrientations_iPhone = "UIInterfaceOrientationPortrait UIInterfaceOrientationLandscapeLeft UIInterfaceOrientationLandscapeRight";
				IPHONEOS_DEPLOYMENT_TARGET = 15.0;
				LD_RUNPATH_SEARCH_PATHS = (
					"$(inherited)",
					"@executable_path/Frameworks",
				);
				MARKETING_VERSION = 1.0;
				PRODUCT_BUNDLE_IDENTIFIER = com.skwerlhub.GHFollowers;
				PRODUCT_NAME = "$(TARGET_NAME)";
				SWIFT_EMIT_LOC_STRINGS = YES;
				SWIFT_VERSION = 5.0;
				TARGETED_DEVICE_FAMILY = 1;
			};
			name = Debug;
		};
		B9D64D1D2862D44000B21359 /* Release */ = {
			isa = XCBuildConfiguration;
			buildSettings = {
				ASSETCATALOG_COMPILER_APPICON_NAME = AppIcon;
				ASSETCATALOG_COMPILER_GLOBAL_ACCENT_COLOR_NAME = AccentColor;
				CODE_SIGN_STYLE = Automatic;
				CURRENT_PROJECT_VERSION = 1;
				DEVELOPMENT_TEAM = 2ABK4QQ3NL;
				GENERATE_INFOPLIST_FILE = YES;
				INFOPLIST_FILE = GHFollowers/Info.plist;
				INFOPLIST_KEY_UIApplicationSupportsIndirectInputEvents = YES;
				INFOPLIST_KEY_UILaunchStoryboardName = LaunchScreen;
				INFOPLIST_KEY_UISupportedInterfaceOrientations = UIInterfaceOrientationPortrait;
				INFOPLIST_KEY_UISupportedInterfaceOrientations_iPad = "UIInterfaceOrientationPortrait UIInterfaceOrientationPortraitUpsideDown UIInterfaceOrientationLandscapeLeft UIInterfaceOrientationLandscapeRight";
				INFOPLIST_KEY_UISupportedInterfaceOrientations_iPhone = "UIInterfaceOrientationPortrait UIInterfaceOrientationLandscapeLeft UIInterfaceOrientationLandscapeRight";
				IPHONEOS_DEPLOYMENT_TARGET = 15.0;
				LD_RUNPATH_SEARCH_PATHS = (
					"$(inherited)",
					"@executable_path/Frameworks",
				);
				MARKETING_VERSION = 1.0;
				PRODUCT_BUNDLE_IDENTIFIER = com.skwerlhub.GHFollowers;
				PRODUCT_NAME = "$(TARGET_NAME)";
				SWIFT_EMIT_LOC_STRINGS = YES;
				SWIFT_VERSION = 5.0;
				TARGETED_DEVICE_FAMILY = 1;
			};
			name = Release;
		};
/* End XCBuildConfiguration section */

/* Begin XCConfigurationList section */
		B9D64D022862D43E00B21359 /* Build configuration list for PBXProject "GHFollowers" */ = {
			isa = XCConfigurationList;
			buildConfigurations = (
				B9D64D192862D44000B21359 /* Debug */,
				B9D64D1A2862D44000B21359 /* Release */,
			);
			defaultConfigurationIsVisible = 0;
			defaultConfigurationName = Release;
		};
		B9D64D1B2862D44000B21359 /* Build configuration list for PBXNativeTarget "GHFollowers" */ = {
			isa = XCConfigurationList;
			buildConfigurations = (
				B9D64D1C2862D44000B21359 /* Debug */,
				B9D64D1D2862D44000B21359 /* Release */,
			);
			defaultConfigurationIsVisible = 0;
			defaultConfigurationName = Release;
		};
/* End XCConfigurationList section */
	};
	rootObject = B9D64CFF2862D43E00B21359 /* Project object */;
}
